<Solution>
  <Project Path="src/GeoFoto.Api/GeoFoto.Api.csproj" />
  <Project Path="src/GeoFoto.Mobile/GeoFoto.Mobile.csproj" />
  <Project Path="src/GeoFoto.Shared/GeoFoto.Shared.csproj" />
  <Project Path="src/GeoFoto.Tests/GeoFoto.Tests.csproj" />
  <Project Path="src/GeoFoto.Web/GeoFoto.Web.csproj" />
</Solution>
